
Microsoft Visual Studio Solution File, Format Version 12.00
# Visual Studio Version 16
VisualStudioVersion = 16.0.32929.386
MinimumVisualStudioVersion = 10.0.40219.1
Project("{8BC9CEB8-8B4A-11D0-8D11-00A0C91BC942}") = "1-704.二分查找", "1-704.二分查找\1-704.二分查找.vcxproj", "{2EC787A7-367A-4053-BEA0-36E9ADCB02AC}"
EndProject
Project("{8BC9CEB8-8B4A-11D0-8D11-00A0C91BC942}") = "2-27. 移除元素", "2-27. 移除元素\2-27. 移除元素.vcxproj", "{9AEA519A-172D-4669-AF7B-92DE4292CC79}"
EndProject
Project("{8BC9CEB8-8B4A-11D0-8D11-00A0C91BC942}") = "3-977.有序数组的平方", "3-977.有序数组的平方\3-977.有序数组的平方.vcxproj", "{91E26653-7488-4A9F-BC87-064A38A617C6}"
EndProject
Global
	GlobalSection(SolutionConfigurationPlatforms) = preSolution
		Debug|x64 = Debug|x64
		Debug|x86 = Debug|x86
		Release|x64 = Release|x64
		Release|x86 = Release|x86
	EndGlobalSection
	GlobalSection(ProjectConfigurationPlatforms) = postSolution
		{2EC787A7-367A-4053-BEA0-36E9ADCB02AC}.Debug|x64.ActiveCfg = Debug|x64
		{2EC787A7-367A-4053-BEA0-36E9ADCB02AC}.Debug|x64.Build.0 = Debug|x64
		{2EC787A7-367A-4053-BEA0-36E9ADCB02AC}.Debug|x86.ActiveCfg = Debug|Win32
		{2EC787A7-367A-4053-BEA0-36E9ADCB02AC}.Debug|x86.Build.0 = Debug|Win32
		{2EC787A7-367A-4053-BEA0-36E9ADCB02AC}.Release|x64.ActiveCfg = Release|x64
		{2EC787A7-367A-4053-BEA0-36E9ADCB02AC}.Release|x64.Build.0 = Release|x64
		{2EC787A7-367A-4053-BEA0-36E9ADCB02AC}.Release|x86.ActiveCfg = Release|Win32
		{2EC787A7-367A-4053-BEA0-36E9ADCB02AC}.Release|x86.Build.0 = Release|Win32
		{9AEA519A-172D-4669-AF7B-92DE4292CC79}.Debug|x64.ActiveCfg = Debug|x64
		{9AEA519A-172D-4669-AF7B-92DE4292CC79}.Debug|x64.Build.0 = Debug|x64
		{9AEA519A-172D-4669-AF7B-92DE4292CC79}.Debug|x86.ActiveCfg = Debug|Win32
		{9AEA519A-172D-4669-AF7B-92DE4292CC79}.Debug|x86.Build.0 = Debug|Win32
		{9AEA519A-172D-4669-AF7B-92DE4292CC79}.Release|x64.ActiveCfg = Release|x64
		{9AEA519A-172D-4669-AF7B-92DE4292CC79}.Release|x64.Build.0 = Release|x64
		{9AEA519A-172D-4669-AF7B-92DE4292CC79}.Release|x86.ActiveCfg = Release|Win32
		{9AEA519A-172D-4669-AF7B-92DE4292CC79}.Release|x86.Build.0 = Release|Win32
		{91E26653-7488-4A9F-BC87-064A38A617C6}.Debug|x64.ActiveCfg = Debug|x64
		{91E26653-7488-4A9F-BC87-064A38A617C6}.Debug|x64.Build.0 = Debug|x64
		{91E26653-7488-4A9F-BC87-064A38A617C6}.Debug|x86.ActiveCfg = Debug|Win32
		{91E26653-7488-4A9F-BC87-064A38A617C6}.Debug|x86.Build.0 = Debug|Win32
		{91E26653-7488-4A9F-BC87-064A38A617C6}.Release|x64.ActiveCfg = Release|x64
		{91E26653-7488-4A9F-BC87-064A38A617C6}.Release|x64.Build.0 = Release|x64
		{91E26653-7488-4A9F-BC87-064A38A617C6}.Release|x86.ActiveCfg = Release|Win32
		{91E26653-7488-4A9F-BC87-064A38A617C6}.Release|x86.Build.0 = Release|Win32
	EndGlobalSection
	GlobalSection(SolutionProperties) = preSolution
		HideSolutionNode = FALSE
	EndGlobalSection
	GlobalSection(ExtensibilityGlobals) = postSolution
		SolutionGuid = {4B361BAC-F07B-40BB-86DB-DBD5DEC35602}
	EndGlobalSection
EndGlobal
